// !$*UTF8*$!
{
	archiveVersion = 1;
	classes = {
	};
	objectVersion = 50;
	objects = {

/* Begin PBXBuildFile section */
		035BB0F20801D932A9FEA813D2D8797B /* SBManualExt.swift in Sources */ = {isa = PBXBuildFile; fileRef = 7F5EF3D55F2977AA9797CC2D1844C249 /* SBManualExt.swift */; };
		03965EFEF21358F1381B5FD998EA60CE /* Macros.swift in Sources */ = {isa = PBXBuildFile; fileRef = A8D20D2202A5EB9C39651FC570BF52AF /* Macros.swift */; };
		052B839A3F4F00B3884B81536D59E35A /* EmptyDataSource.swift in Sources */ = {isa = PBXBuildFile; fileRef = D28C6029507FC3390413CC6C2FBEDED4 /* EmptyDataSource.swift */; };
		0F8468E3B153CABAD7F752A6309CD221 /* DB.swift in Sources */ = {isa = PBXBuildFile; fileRef = EEA42627A0851C3058910D73CCB43A2E /* DB.swift */; };
		2921F9D6AD30228B8005E20C163A77F1 /* BaseError.swift in Sources */ = {isa = PBXBuildFile; fileRef = BF86BC8AD014D7243BC96FB5802322A4 /* BaseError.swift */; };
		392F9FCA477F1992938F057AD4CCD3A9 /* UITextFieldExt.swift in Sources */ = {isa = PBXBuildFile; fileRef = 660A56B7C4B11E3DFB30B8B0CDE05EF3 /* UITextFieldExt.swift */; };
		3B975828B3561D2DB36AFF93F8E13A51 /* SBHTTPRouter.swift in Sources */ = {isa = PBXBuildFile; fileRef = 782D097F8D42F327FCB1DE5A8E9F0E28 /* SBHTTPRouter.swift */; };
		3D5130A791FD865CC9F206C6D863A716 /* UIImageViewExt.swift in Sources */ = {isa = PBXBuildFile; fileRef = 0C01C72432DB69EC8A5B5861EEA50F36 /* UIImageViewExt.swift */; };
		48203A096BDB513918D97E2F16BC9708 /* DBColumns.swift in Sources */ = {isa = PBXBuildFile; fileRef = F7846F2067816E55BF73BCE3E77D5E45 /* DBColumns.swift */; };
		493D9B3AAAC3D5FB3B080B85157A3F9C /* LaunchScreen.storyboard in Resources */ = {isa = PBXBuildFile; fileRef = 0D0F99772C3F9F270087FD5DD456B00D /* LaunchScreen.storyboard */; };
		5FBF0A01BF9938879CE802C48BF01F62 /* KitsCordova.swift in Sources */ = {isa = PBXBuildFile; fileRef = 6257D4695458A7F5D2B9DCB73D0A133D /* KitsCordova.swift */; };
		6A47706452F6883C981ECA59DC7C348B /* Kits.swift in Sources */ = {isa = PBXBuildFile; fileRef = F3C95CBDB0A378814D5EA759AC55B0EF /* Kits.swift */; };
		6C15C0F480DD15EADD42E5B15B2F95AB /* ViewController.swift in Sources */ = {isa = PBXBuildFile; fileRef = 9D372AEE0F56F41390E6E39BC69FC10D /* ViewController.swift */; };
		7AD7B5015C9A2868DB3E99D45D1DE8BD /* DBTables.swift in Sources */ = {isa = PBXBuildFile; fileRef = F14EA4CE991FF22ED700005B07C1E494 /* DBTables.swift */; };
		7C1FEE7B5762E05D0515E7B9B4353262 /* UIColorExt.swift in Sources */ = {isa = PBXBuildFile; fileRef = 7049E6B22F98A99E3525752265532AED /* UIColorExt.swift */; };
		7EECA29023E1326F8C8629E0EDFEF8F8 /* UIViewExt.swift in Sources */ = {isa = PBXBuildFile; fileRef = CE316495F08DAF2CD74AB0C2EFD2EF3A /* UIViewExt.swift */; };
		7F3585131E4F6D187D32DBBCA39224B3 /* AppDelegate.swift in Sources */ = {isa = PBXBuildFile; fileRef = 5D5A036602B35B3671EF879FE67242C8 /* AppDelegate.swift */; };
		83219C6E7FC4AB327AC565C3BF259331 /* UIImageExt.swift in Sources */ = {isa = PBXBuildFile; fileRef = 5A5BFC948C006C33B65FC004C9F34A22 /* UIImageExt.swift */; };
		847C269C5E7657AD6E7AABC126827A4D /* StringExt.swift in Sources */ = {isa = PBXBuildFile; fileRef = 0CEC8598CA911ADABC9585608C4B76DC /* StringExt.swift */; };
		8AB7E96212E9A724DBD558815F4FB40D /* UIDeviceExt.swift in Sources */ = {isa = PBXBuildFile; fileRef = DFE839BD9687B4702918963BAAB928B3 /* UIDeviceExt.swift */; };
		8AC2CF3C8509B113D9DAEEFE7D232979 /* UIButtonExt.swift in Sources */ = {isa = PBXBuildFile; fileRef = 0776AC30700BF826CA139D94DDE0A33F /* UIButtonExt.swift */; };
		8E7ACDAADF2B731AF8EFDFCDB340FFCC /* BaseScenes.swift in Sources */ = {isa = PBXBuildFile; fileRef = 9E5FBB6DED2F1607EDA4050A75DE21CF /* BaseScenes.swift */; };
		AA5E3C66A1C750E26363BA29B27345E3 /* BundleExt.swift in Sources */ = {isa = PBXBuildFile; fileRef = 7396E868DC521C3317D3A2831FF9571C /* BundleExt.swift */; };
		AB25BEB2398039DFDB6F711FCDA5E352 /* SBHTTPState.swift in Sources */ = {isa = PBXBuildFile; fileRef = 3D1DB2C291D7E29F6FB186534CC6A849 /* SBHTTPState.swift */; };
		B6F3DA0DE9BBB4D838777B05F140C938 /* SBSwiftComponentsTests.swift in Sources */ = {isa = PBXBuildFile; fileRef = DCD65417A41741CE6209B4EA9E6A60EC /* SBSwiftComponentsTests.swift */; };
		BCE5773C519ACC6655BEB642ED6966E1 /* SBSceneRouter.swift in Sources */ = {isa = PBXBuildFile; fileRef = 8FD2710821D2FE6CB31DB56EEC869C82 /* SBSceneRouter.swift */; };
		CAB5E6388B4D64C690571FEF7C2E019B /* SB404.swift in Sources */ = {isa = PBXBuildFile; fileRef = 3243EE3885B020A9B983789DA798382A /* SB404.swift */; };
		DBF3E147AD950DAA397411A774BDB9D7 /* CordovaProfile.swift in Sources */ = {isa = PBXBuildFile; fileRef = 5D3E28099477D2B1165681FE55E77585 /* CordovaProfile.swift */; };
		E043CE4C23C77C0B57462D084035A3C4 /* PluginEnv.swift in Sources */ = {isa = PBXBuildFile; fileRef = 51C51534A8826498D01CCAB979CD433C /* PluginEnv.swift */; };
		E2706C09DDDC61F245914A0BBA9BAB95 /* SBSwiftComponentsUITests.swift in Sources */ = {isa = PBXBuildFile; fileRef = 54BE0B7B72FB17C3EE5FBC78EE405E32 /* SBSwiftComponentsUITests.swift */; };
		E315BA3A830F36152FCF450384568C0A /* BaseProfiles.swift in Sources */ = {isa = PBXBuildFile; fileRef = F0B549F5CD1CA20C6EC58AEC12618932 /* BaseProfiles.swift */; };
		E880A6CE13AD6C154EACCB4151A2B11C /* Main.storyboard in Resources */ = {isa = PBXBuildFile; fileRef = F43B1AB68DCCACEACCA0CD1020203CDB /* Main.storyboard */; };
		F95CA441CEFF48186875369D1789DD18 /* Pods_SBSwiftComponents.framework in Frameworks */ = {isa = PBXBuildFile; fileRef = 3E799AEE7996AC4E79BD9D910F736B63 /* Pods_SBSwiftComponents.framework */; };
		FD360D7F4C458FAC61DE49C9EF776A50 /* Assets.xcassets in Resources */ = {isa = PBXBuildFile; fileRef = 283461FC1A6F819FB7BF47EAC0103577 /* Assets.xcassets */; };
/* End PBXBuildFile section */

/* Begin PBXContainerItemProxy section */
		5C807EA081184697C5E7D96AE9CA1172 /* PBXContainerItemProxy */ = {
			isa = PBXContainerItemProxy;
			containerPortal = 2E51246DF69B9CCB0B32F1D6E8A1DCFD /* Project object */;
			proxyType = 1;
			remoteGlobalIDString = 8A859BD464B46E283E5EE9ADD39B54F4;
			remoteInfo = SBSwiftComponents;
		};
		9F05AE82AB4279E72EC664BDFBAE0254 /* PBXContainerItemProxy */ = {
			isa = PBXContainerItemProxy;
			containerPortal = 2E51246DF69B9CCB0B32F1D6E8A1DCFD /* Project object */;
			proxyType = 1;
			remoteGlobalIDString = 8A859BD464B46E283E5EE9ADD39B54F4;
			remoteInfo = SBSwiftComponents;
		};
/* End PBXContainerItemProxy section */

/* Begin PBXCopyFilesBuildPhase section */
		AF9408C9B7FB1D487A2B3BAEE44FC4DD /* Embed Frameworks */ = {
			isa = PBXCopyFilesBuildPhase;
			buildActionMask = 2147483647;
			dstPath = "";
			dstSubfolderSpec = 10;
			files = (
			);
			name = "Embed Frameworks";
			runOnlyForDeploymentPostprocessing = 0;
		};
/* End PBXCopyFilesBuildPhase section */

/* Begin PBXFileReference section */
		0093366F67AAF0D15E5DC709BAEBDEC1 /* SBSwiftComponentsTests.xctest */ = {isa = PBXFileReference; explicitFileType = wrapper.cfbundle; includeInIndex = 0; path = SBSwiftComponentsTests.xctest; sourceTree = BUILT_PRODUCTS_DIR; };
		0776AC30700BF826CA139D94DDE0A33F /* UIButtonExt.swift */ = {isa = PBXFileReference; lastKnownFileType = sourcecode.swift; path = UIButtonExt.swift; sourceTree = "<group>"; };
		0C01C72432DB69EC8A5B5861EEA50F36 /* UIImageViewExt.swift */ = {isa = PBXFileReference; lastKnownFileType = sourcecode.swift; path = UIImageViewExt.swift; sourceTree = "<group>"; };
		0CEC8598CA911ADABC9585608C4B76DC /* StringExt.swift */ = {isa = PBXFileReference; lastKnownFileType = sourcecode.swift; path = StringExt.swift; sourceTree = "<group>"; };
		24597C58F05C376AB409F8F733E58CA1 /* Base */ = {isa = PBXFileReference; lastKnownFileType = file.storyboard; name = Base; path = Base.lproj/LaunchScreen.storyboard; sourceTree = "<group>"; };
		283461FC1A6F819FB7BF47EAC0103577 /* Assets.xcassets */ = {isa = PBXFileReference; lastKnownFileType = folder.assetcatalog; path = Assets.xcassets; sourceTree = "<group>"; };
		2CA1D19D45AE305F686505A0F9128793 /* Info.plist */ = {isa = PBXFileReference; lastKnownFileType = text.plist.xml; path = Info.plist; sourceTree = "<group>"; };
		3243EE3885B020A9B983789DA798382A /* SB404.swift */ = {isa = PBXFileReference; lastKnownFileType = sourcecode.swift; path = SB404.swift; sourceTree = "<group>"; };
		3D1DB2C291D7E29F6FB186534CC6A849 /* SBHTTPState.swift */ = {isa = PBXFileReference; lastKnownFileType = sourcecode.swift; path = SBHTTPState.swift; sourceTree = "<group>"; };
		3E799AEE7996AC4E79BD9D910F736B63 /* Pods_SBSwiftComponents.framework */ = {isa = PBXFileReference; explicitFileType = wrapper.framework; includeInIndex = 0; path = Pods_SBSwiftComponents.framework; sourceTree = BUILT_PRODUCTS_DIR; };
		51C51534A8826498D01CCAB979CD433C /* PluginEnv.swift */ = {isa = PBXFileReference; lastKnownFileType = sourcecode.swift; path = PluginEnv.swift; sourceTree = "<group>"; };
		54BE0B7B72FB17C3EE5FBC78EE405E32 /* SBSwiftComponentsUITests.swift */ = {isa = PBXFileReference; lastKnownFileType = sourcecode.swift; path = SBSwiftComponentsUITests.swift; sourceTree = "<group>"; };
		5A5BFC948C006C33B65FC004C9F34A22 /* UIImageExt.swift */ = {isa = PBXFileReference; lastKnownFileType = sourcecode.swift; path = UIImageExt.swift; sourceTree = "<group>"; };
		5D3E28099477D2B1165681FE55E77585 /* CordovaProfile.swift */ = {isa = PBXFileReference; lastKnownFileType = sourcecode.swift; path = CordovaProfile.swift; sourceTree = "<group>"; };
		5D5A036602B35B3671EF879FE67242C8 /* AppDelegate.swift */ = {isa = PBXFileReference; lastKnownFileType = sourcecode.swift; path = AppDelegate.swift; sourceTree = "<group>"; };
		6257D4695458A7F5D2B9DCB73D0A133D /* KitsCordova.swift */ = {isa = PBXFileReference; lastKnownFileType = sourcecode.swift; path = KitsCordova.swift; sourceTree = "<group>"; };
		660A56B7C4B11E3DFB30B8B0CDE05EF3 /* UITextFieldExt.swift */ = {isa = PBXFileReference; lastKnownFileType = sourcecode.swift; path = UITextFieldExt.swift; sourceTree = "<group>"; };
		6DE878A1D06A8093F56452C1FA00752F /* Base */ = {isa = PBXFileReference; lastKnownFileType = file.storyboard; name = Base; path = Base.lproj/Main.storyboard; sourceTree = "<group>"; };
		6E626915CBB1B1EB80A2E2DD18FFEFDC /* SBSwiftComponentsUITests.xctest */ = {isa = PBXFileReference; explicitFileType = wrapper.cfbundle; includeInIndex = 0; path = SBSwiftComponentsUITests.xctest; sourceTree = BUILT_PRODUCTS_DIR; };
		7049E6B22F98A99E3525752265532AED /* UIColorExt.swift */ = {isa = PBXFileReference; lastKnownFileType = sourcecode.swift; path = UIColorExt.swift; sourceTree = "<group>"; };
		7396E868DC521C3317D3A2831FF9571C /* BundleExt.swift */ = {isa = PBXFileReference; lastKnownFileType = sourcecode.swift; path = BundleExt.swift; sourceTree = "<group>"; };
		782D097F8D42F327FCB1DE5A8E9F0E28 /* SBHTTPRouter.swift */ = {isa = PBXFileReference; lastKnownFileType = sourcecode.swift; path = SBHTTPRouter.swift; sourceTree = "<group>"; };
		7F5EF3D55F2977AA9797CC2D1844C249 /* SBManualExt.swift */ = {isa = PBXFileReference; lastKnownFileType = sourcecode.swift; path = SBManualExt.swift; sourceTree = "<group>"; };
		83FD280CEC732005FCED80E5EC973C2C /* Info.plist */ = {isa = PBXFileReference; lastKnownFileType = text.plist.xml; path = Info.plist; sourceTree = "<group>"; };
		8D6903C159C3BB7AD181B442AD0C008D /* Pods-SBSwiftComponents.debug.xcconfig */ = {isa = PBXFileReference; includeInIndex = 1; lastKnownFileType = text.xcconfig; name = "Pods-SBSwiftComponents.debug.xcconfig"; path = "Pods/Target Support Files/Pods-SBSwiftComponents/Pods-SBSwiftComponents.debug.xcconfig"; sourceTree = "<group>"; };
		8FD2710821D2FE6CB31DB56EEC869C82 /* SBSceneRouter.swift */ = {isa = PBXFileReference; lastKnownFileType = sourcecode.swift; path = SBSceneRouter.swift; sourceTree = "<group>"; };
		9A86E7F218154B2DDA7C80AD3D961DE9 /* Info.plist */ = {isa = PBXFileReference; lastKnownFileType = text.plist.xml; path = Info.plist; sourceTree = "<group>"; };
		9D372AEE0F56F41390E6E39BC69FC10D /* ViewController.swift */ = {isa = PBXFileReference; lastKnownFileType = sourcecode.swift; path = ViewController.swift; sourceTree = "<group>"; };
		9E5FBB6DED2F1607EDA4050A75DE21CF /* BaseScenes.swift */ = {isa = PBXFileReference; lastKnownFileType = sourcecode.swift; path = BaseScenes.swift; sourceTree = "<group>"; };
		A8D20D2202A5EB9C39651FC570BF52AF /* Macros.swift */ = {isa = PBXFileReference; lastKnownFileType = sourcecode.swift; path = Macros.swift; sourceTree = "<group>"; };
		BF86BC8AD014D7243BC96FB5802322A4 /* BaseError.swift */ = {isa = PBXFileReference; lastKnownFileType = sourcecode.swift; path = BaseError.swift; sourceTree = "<group>"; };
		CE316495F08DAF2CD74AB0C2EFD2EF3A /* UIViewExt.swift */ = {isa = PBXFileReference; lastKnownFileType = sourcecode.swift; path = UIViewExt.swift; sourceTree = "<group>"; };
		D28C6029507FC3390413CC6C2FBEDED4 /* EmptyDataSource.swift */ = {isa = PBXFileReference; lastKnownFileType = sourcecode.swift; path = EmptyDataSource.swift; sourceTree = "<group>"; };
		DCD65417A41741CE6209B4EA9E6A60EC /* SBSwiftComponentsTests.swift */ = {isa = PBXFileReference; lastKnownFileType = sourcecode.swift; path = SBSwiftComponentsTests.swift; sourceTree = "<group>"; };
		DFE839BD9687B4702918963BAAB928B3 /* UIDeviceExt.swift */ = {isa = PBXFileReference; lastKnownFileType = sourcecode.swift; path = UIDeviceExt.swift; sourceTree = "<group>"; };
		EEA42627A0851C3058910D73CCB43A2E /* DB.swift */ = {isa = PBXFileReference; lastKnownFileType = sourcecode.swift; path = DB.swift; sourceTree = "<group>"; };
		F0B549F5CD1CA20C6EC58AEC12618932 /* BaseProfiles.swift */ = {isa = PBXFileReference; lastKnownFileType = sourcecode.swift; path = BaseProfiles.swift; sourceTree = "<group>"; };
		F14EA4CE991FF22ED700005B07C1E494 /* DBTables.swift */ = {isa = PBXFileReference; lastKnownFileType = sourcecode.swift; path = DBTables.swift; sourceTree = "<group>"; };
		F3C95CBDB0A378814D5EA759AC55B0EF /* Kits.swift */ = {isa = PBXFileReference; lastKnownFileType = sourcecode.swift; path = Kits.swift; sourceTree = "<group>"; };
		F6FAC2023B6C4D210C0F5478679EBDB2 /* SBSwiftComponents.app */ = {isa = PBXFileReference; explicitFileType = wrapper.application; includeInIndex = 0; path = SBSwiftComponents.app; sourceTree = BUILT_PRODUCTS_DIR; };
		F7846F2067816E55BF73BCE3E77D5E45 /* DBColumns.swift */ = {isa = PBXFileReference; lastKnownFileType = sourcecode.swift; path = DBColumns.swift; sourceTree = "<group>"; };
		F9B7BD62ECF06A2929B30DF9B9F93C9E /* Pods-SBSwiftComponents.release.xcconfig */ = {isa = PBXFileReference; includeInIndex = 1; lastKnownFileType = text.xcconfig; name = "Pods-SBSwiftComponents.release.xcconfig"; path = "Pods/Target Support Files/Pods-SBSwiftComponents/Pods-SBSwiftComponents.release.xcconfig"; sourceTree = "<group>"; };
/* End PBXFileReference section */

/* Begin PBXFrameworksBuildPhase section */
		4AC6DC5DCF2BE4886858F0997CBC962A /* Frameworks */ = {
			isa = PBXFrameworksBuildPhase;
			buildActionMask = 2147483647;
			files = (
				F95CA441CEFF48186875369D1789DD18 /* Pods_SBSwiftComponents.framework in Frameworks */,
			);
			runOnlyForDeploymentPostprocessing = 0;
		};
		6B191B03BF5B65B60384B783541D7BC6 /* Frameworks */ = {
			isa = PBXFrameworksBuildPhase;
			buildActionMask = 2147483647;
			files = (
			);
			runOnlyForDeploymentPostprocessing = 0;
		};
		D8D6B4B128DD72069136B788C3A3EC28 /* Frameworks */ = {
			isa = PBXFrameworksBuildPhase;
			buildActionMask = 2147483647;
			files = (
			);
			runOnlyForDeploymentPostprocessing = 0;
		};
/* End PBXFrameworksBuildPhase section */

/* Begin PBXGroup section */
		03AF8F393E315390DB2AA50F3C08E566 /* Frameworks */ = {
			isa = PBXGroup;
			children = (
				3E799AEE7996AC4E79BD9D910F736B63 /* Pods_SBSwiftComponents.framework */,
			);
			name = Frameworks;
			sourceTree = "<group>";
		};
		0A5CC88C68BC02D12EB72ABBADF2745A /* SBSwiftComponentsTests */ = {
			isa = PBXGroup;
			children = (
				2CA1D19D45AE305F686505A0F9128793 /* Info.plist */,
				DCD65417A41741CE6209B4EA9E6A60EC /* SBSwiftComponentsTests.swift */,
			);
			path = SBSwiftComponentsTests;
			sourceTree = "<group>";
		};
		184152EAAF93CB642900204FC178C2C1 /* SBScan */ = {
			isa = PBXGroup;
			children = (
			);
			path = SBScan;
			sourceTree = "<group>";
		};
		1CE7FB8356E663AA22F6E8FCFB9830BF /* SBEmpty */ = {
			isa = PBXGroup;
			children = (
				D28C6029507FC3390413CC6C2FBEDED4 /* EmptyDataSource.swift */,
			);
			path = SBEmpty;
			sourceTree = "<group>";
		};
		2A08BD97620526ED7F7C7F805E79552B /* SBExtension */ = {
			isa = PBXGroup;
			children = (
				7396E868DC521C3317D3A2831FF9571C /* BundleExt.swift */,
				0CEC8598CA911ADABC9585608C4B76DC /* StringExt.swift */,
				0776AC30700BF826CA139D94DDE0A33F /* UIButtonExt.swift */,
				7049E6B22F98A99E3525752265532AED /* UIColorExt.swift */,
				DFE839BD9687B4702918963BAAB928B3 /* UIDeviceExt.swift */,
				5A5BFC948C006C33B65FC004C9F34A22 /* UIImageExt.swift */,
				0C01C72432DB69EC8A5B5861EEA50F36 /* UIImageViewExt.swift */,
				660A56B7C4B11E3DFB30B8B0CDE05EF3 /* UITextFieldExt.swift */,
				CE316495F08DAF2CD74AB0C2EFD2EF3A /* UIViewExt.swift */,
			);
			path = SBExtension;
			sourceTree = "<group>";
		};
		574F105C9362E00AB1A1D603D2E7B543 /* Pods */ = {
			isa = PBXGroup;
			children = (
				8D6903C159C3BB7AD181B442AD0C008D /* Pods-SBSwiftComponents.debug.xcconfig */,
				F9B7BD62ECF06A2929B30DF9B9F93C9E /* Pods-SBSwiftComponents.release.xcconfig */,
			);
			name = Pods;
			sourceTree = "<group>";
		};
		E43C81945D2DE1FBAAC92FF6A2B7AA62 /* SBHTTPState */ = {
			isa = PBXGroup;
			children = (
				3D1DB2C291D7E29F6FB186534CC6A849 /* SBHTTPState.swift */,
			);
			path = SBHTTPState;
			sourceTree = "<group>";
		};
		62BC56500FD91D0B1B96A9925418562D /* SBError */ = {
			isa = PBXGroup;
			children = (
				BF86BC8AD014D7243BC96FB5802322A4 /* BaseError.swift */,
			);
			path = SBError;
			sourceTree = "<group>";
		};
		62D11C3C0ED5D7525C06FC2ACEBC9B34 /* SBHTTPRouter */ = {
			isa = PBXGroup;
			children = (
				782D097F8D42F327FCB1DE5A8E9F0E28 /* SBHTTPRouter.swift */,
			);
			path = SBHTTPRouter;
			sourceTree = "<group>";
		};
		7C0450ED635834E930C8BA363F0113D3 /* Products */ = {
			isa = PBXGroup;
			children = (
				F6FAC2023B6C4D210C0F5478679EBDB2 /* SBSwiftComponents.app */,
				0093366F67AAF0D15E5DC709BAEBDEC1 /* SBSwiftComponentsTests.xctest */,
				6E626915CBB1B1EB80A2E2DD18FFEFDC /* SBSwiftComponentsUITests.xctest */,
			);
			name = Products;
			sourceTree = "<group>";
		};
		8769962C140E3F4E22A45A42A5494DB7 /* SBMacros */ = {
			isa = PBXGroup;
			children = (
				A8D20D2202A5EB9C39651FC570BF52AF /* Macros.swift */,
			);
			path = SBMacros;
			sourceTree = "<group>";
		};
		A05FA94B2F7C87BF7E933062670C2B06 /* SBShare */ = {
			isa = PBXGroup;
			children = (
			);
			path = SBShare;
			sourceTree = "<group>";
		};
		A421EC33AA2E672C487B705FE7E796AA /* Manualy */ = {
			isa = PBXGroup;
			children = (
				7F5EF3D55F2977AA9797CC2D1844C249 /* SBManualExt.swift */,
			);
			path = Manualy;
			sourceTree = "<group>";
		};
		A50889B0D01F952986C8C9D5AA190D3C /* SBSceneRouter */ = {
			isa = PBXGroup;
			children = (
				3243EE3885B020A9B983789DA798382A /* SB404.swift */,
				8FD2710821D2FE6CB31DB56EEC869C82 /* SBSceneRouter.swift */,
			);
			path = SBSceneRouter;
			sourceTree = "<group>";
		};
		A6F94045267A614DC2BC9B3C1822A383 /* SBDB */ = {
			isa = PBXGroup;
			children = (
				EEA42627A0851C3058910D73CCB43A2E /* DB.swift */,
				F7846F2067816E55BF73BCE3E77D5E45 /* DBColumns.swift */,
				F14EA4CE991FF22ED700005B07C1E494 /* DBTables.swift */,
			);
			path = SBDB;
			sourceTree = "<group>";
		};
		BC4FF11A2FDDC677021F249B31367087 /* SBCordova */ = {
			isa = PBXGroup;
			children = (
				5D3E28099477D2B1165681FE55E77585 /* CordovaProfile.swift */,
				6257D4695458A7F5D2B9DCB73D0A133D /* KitsCordova.swift */,
				51C51534A8826498D01CCAB979CD433C /* PluginEnv.swift */,
			);
			path = SBCordova;
			sourceTree = "<group>";
		};
		D691FB097B0DB3FE93A95753E19EE20A = {
			isa = PBXGroup;
			children = (
				03AF8F393E315390DB2AA50F3C08E566 /* Frameworks */,
				574F105C9362E00AB1A1D603D2E7B543 /* Pods */,
				7C0450ED635834E930C8BA363F0113D3 /* Products */,
				EE721996E53FF89A5F04BAFA236C1040 /* SBSwiftComponents */,
				0A5CC88C68BC02D12EB72ABBADF2745A /* SBSwiftComponentsTests */,
				E89C0D769BBDB231ECDBA2BC6587CE8A /* SBSwiftComponentsUITests */,
			);
			sourceTree = "<group>";
		};
		E123FEDFBD23F0FED7BA03DB64D11246 /* SBKit */ = {
			isa = PBXGroup;
			children = (
				F3C95CBDB0A378814D5EA759AC55B0EF /* Kits.swift */,
			);
			path = SBKit;
			sourceTree = "<group>";
		};
		E89C0D769BBDB231ECDBA2BC6587CE8A /* SBSwiftComponentsUITests */ = {
			isa = PBXGroup;
			children = (
				83FD280CEC732005FCED80E5EC973C2C /* Info.plist */,
				54BE0B7B72FB17C3EE5FBC78EE405E32 /* SBSwiftComponentsUITests.swift */,
			);
			path = SBSwiftComponentsUITests;
			sourceTree = "<group>";
		};
		E918AE02694A4798479C9E9D65E0234F /* SBBase */ = {
			isa = PBXGroup;
			children = (
				F0B549F5CD1CA20C6EC58AEC12618932 /* BaseProfiles.swift */,
				9E5FBB6DED2F1607EDA4050A75DE21CF /* BaseScenes.swift */,
			);
			path = SBBase;
			sourceTree = "<group>";
		};
		EE721996E53FF89A5F04BAFA236C1040 /* SBSwiftComponents */ = {
			isa = PBXGroup;
			children = (
				A421EC33AA2E672C487B705FE7E796AA /* Manualy */,
				E918AE02694A4798479C9E9D65E0234F /* SBBase */,
				BC4FF11A2FDDC677021F249B31367087 /* SBCordova */,
				A6F94045267A614DC2BC9B3C1822A383 /* SBDB */,
				1CE7FB8356E663AA22F6E8FCFB9830BF /* SBEmpty */,
				62BC56500FD91D0B1B96A9925418562D /* SBError */,
				2A08BD97620526ED7F7C7F805E79552B /* SBExtension */,
				62D11C3C0ED5D7525C06FC2ACEBC9B34 /* SBHTTPRouter */,
				E43C81945D2DE1FBAAC92FF6A2B7AA62 /* SBHTTPState */,
				E123FEDFBD23F0FED7BA03DB64D11246 /* SBKit */,
				8769962C140E3F4E22A45A42A5494DB7 /* SBMacros */,
				184152EAAF93CB642900204FC178C2C1 /* SBScan */,
				A50889B0D01F952986C8C9D5AA190D3C /* SBSceneRouter */,
				A05FA94B2F7C87BF7E933062670C2B06 /* SBShare */,
				5D5A036602B35B3671EF879FE67242C8 /* AppDelegate.swift */,
				283461FC1A6F819FB7BF47EAC0103577 /* Assets.xcassets */,
				9A86E7F218154B2DDA7C80AD3D961DE9 /* Info.plist */,
				0D0F99772C3F9F270087FD5DD456B00D /* LaunchScreen.storyboard */,
				F43B1AB68DCCACEACCA0CD1020203CDB /* Main.storyboard */,
				9D372AEE0F56F41390E6E39BC69FC10D /* ViewController.swift */,
			);
			path = SBSwiftComponents;
			sourceTree = "<group>";
		};
/* End PBXGroup section */

/* Begin PBXNativeTarget section */
		348BCF72714AFB4209D920D2BD56CB79 /* SBSwiftComponentsTests */ = {
			isa = PBXNativeTarget;
			buildConfigurationList = 6BDF3963C8C31E3543EE1F30FA0A4E85 /* Build configuration list for PBXNativeTarget "SBSwiftComponentsTests" */;
			buildPhases = (
				082397AA10422CC2B51BE29F7AC8F600 /* Sources */,
				D8D6B4B128DD72069136B788C3A3EC28 /* Frameworks */,
				4C3484FD71C557BBDF674CD313EF5BE5 /* Resources */,
			);
			buildRules = (
			);
			dependencies = (
				0746D59BA1D133EFA952C0EAF0F97AD9 /* PBXTargetDependency */,
			);
			name = SBSwiftComponentsTests;
			productName = SBSwiftComponentsTests;
			productReference = 0093366F67AAF0D15E5DC709BAEBDEC1 /* SBSwiftComponentsTests.xctest */;
			productType = "com.apple.product-type.bundle.unit-test";
		};
		36C15430400B508455639C84729A1C19 /* SBSwiftComponentsUITests */ = {
			isa = PBXNativeTarget;
			buildConfigurationList = B8A57869BA094A9B83D053E4B4353898 /* Build configuration list for PBXNativeTarget "SBSwiftComponentsUITests" */;
			buildPhases = (
				5BD9A2B9057AA0649AE0CC5565354083 /* Sources */,
				6B191B03BF5B65B60384B783541D7BC6 /* Frameworks */,
				ACCB147B43B23B3BAD007D730097998D /* Resources */,
			);
			buildRules = (
			);
			dependencies = (
				EBD7D591381C42070F450D3DFFD72602 /* PBXTargetDependency */,
			);
			name = SBSwiftComponentsUITests;
			productName = SBSwiftComponentsUITests;
			productReference = 6E626915CBB1B1EB80A2E2DD18FFEFDC /* SBSwiftComponentsUITests.xctest */;
			productType = "com.apple.product-type.bundle.ui-testing";
		};
		8A859BD464B46E283E5EE9ADD39B54F4 /* SBSwiftComponents */ = {
			isa = PBXNativeTarget;
			buildConfigurationList = 9589407F09BA3762EEE11E1E25D79ED2 /* Build configuration list for PBXNativeTarget "SBSwiftComponents" */;
			buildPhases = (
				1A12436C68F097C322F0EB4CBE66ACAE /* [CP] Check Pods Manifest.lock */,
				601C756967BBF4E2157729CE9AF124ED /* Sources */,
				4AC6DC5DCF2BE4886858F0997CBC962A /* Frameworks */,
				D42F49A5B3456F50F1E717A7053DE3EF /* Resources */,
				52F9E41341D2AAE80A2DF6A090D887D6 /* [CP] Embed Pods Frameworks */,
				AF9408C9B7FB1D487A2B3BAEE44FC4DD /* Embed Frameworks */,
			);
			buildRules = (
			);
			dependencies = (
			);
			name = SBSwiftComponents;
			productName = SBSwiftComponents;
			productReference = F6FAC2023B6C4D210C0F5478679EBDB2 /* SBSwiftComponents.app */;
			productType = "com.apple.product-type.application";
		};
/* End PBXNativeTarget section */

/* Begin PBXProject section */
		2E51246DF69B9CCB0B32F1D6E8A1DCFD /* Project object */ = {
			isa = PBXProject;
			attributes = {
				LastSwiftUpdateCheck = 0940;
				LastUpgradeCheck = 0940;
				ORGANIZATIONNAME = nanhu;
				TargetAttributes = {
					348BCF72714AFB4209D920D2BD56CB79 = {
						CreatedOnToolsVersion = 9.4.1;
						TestTargetID = 8A859BD464B46E283E5EE9ADD39B54F4;
					};
					36C15430400B508455639C84729A1C19 = {
						CreatedOnToolsVersion = 9.4.1;
						TestTargetID = 8A859BD464B46E283E5EE9ADD39B54F4;
					};
					8A859BD464B46E283E5EE9ADD39B54F4 = {
						CreatedOnToolsVersion = 9.4.1;
					};
				};
			};
			buildConfigurationList = 142D750292031B632CB9B99D0B3D3BA3 /* Build configuration list for PBXProject "SBSwiftComponents" */;
			compatibilityVersion = "Xcode 9.3";
			developmentRegion = en;
			hasScannedForEncodings = 0;
			knownRegions = (
				en,
				Base,
			);
			mainGroup = D691FB097B0DB3FE93A95753E19EE20A;
			productRefGroup = 7C0450ED635834E930C8BA363F0113D3 /* Products */;
			projectDirPath = "";
			projectRoot = "";
			targets = (
				8A859BD464B46E283E5EE9ADD39B54F4 /* SBSwiftComponents */,
				348BCF72714AFB4209D920D2BD56CB79 /* SBSwiftComponentsTests */,
				36C15430400B508455639C84729A1C19 /* SBSwiftComponentsUITests */,
			);
		};
/* End PBXProject section */

/* Begin PBXResourcesBuildPhase section */
		4C3484FD71C557BBDF674CD313EF5BE5 /* Resources */ = {
			isa = PBXResourcesBuildPhase;
			buildActionMask = 2147483647;
			files = (
			);
			runOnlyForDeploymentPostprocessing = 0;
		};
		ACCB147B43B23B3BAD007D730097998D /* Resources */ = {
			isa = PBXResourcesBuildPhase;
			buildActionMask = 2147483647;
			files = (
			);
			runOnlyForDeploymentPostprocessing = 0;
		};
		D42F49A5B3456F50F1E717A7053DE3EF /* Resources */ = {
			isa = PBXResourcesBuildPhase;
			buildActionMask = 2147483647;
			files = (
				FD360D7F4C458FAC61DE49C9EF776A50 /* Assets.xcassets in Resources */,
				493D9B3AAAC3D5FB3B080B85157A3F9C /* LaunchScreen.storyboard in Resources */,
				E880A6CE13AD6C154EACCB4151A2B11C /* Main.storyboard in Resources */,
			);
			runOnlyForDeploymentPostprocessing = 0;
		};
/* End PBXResourcesBuildPhase section */

/* Begin PBXShellScriptBuildPhase section */
		1A12436C68F097C322F0EB4CBE66ACAE /* [CP] Check Pods Manifest.lock */ = {
			isa = PBXShellScriptBuildPhase;
			buildActionMask = 2147483647;
			files = (
			);
			inputPaths = (
				"${PODS_PODFILE_DIR_PATH}/Podfile.lock",
				"${PODS_ROOT}/Manifest.lock",
			);
			name = "[CP] Check Pods Manifest.lock";
			outputPaths = (
				"$(DERIVED_FILE_DIR)/Pods-SBSwiftComponents-checkManifestLockResult.txt",
			);
			runOnlyForDeploymentPostprocessing = 0;
			shellPath = /bin/sh;
			shellScript = "diff \"${PODS_PODFILE_DIR_PATH}/Podfile.lock\" \"${PODS_ROOT}/Manifest.lock\" > /dev/null\nif [ $? != 0 ] ; then\n    # print error to STDERR\n    echo \"error: The sandbox is not in sync with the Podfile.lock. Run 'pod install' or update your CocoaPods installation.\" >&2\n    exit 1\nfi\n# This output is used by Xcode 'outputs' to avoid re-running this script phase.\necho \"SUCCESS\" > \"${SCRIPT_OUTPUT_FILE_0}\"\n";
			showEnvVarsInLog = 0;
		};
		52F9E41341D2AAE80A2DF6A090D887D6 /* [CP] Embed Pods Frameworks */ = {
			isa = PBXShellScriptBuildPhase;
			buildActionMask = 2147483647;
			files = (
			);
			inputPaths = (
				"${SRCROOT}/Pods/Target Support Files/Pods-SBSwiftComponents/Pods-SBSwiftComponents-frameworks.sh",
				"${BUILT_PRODUCTS_DIR}/Alamofire/Alamofire.framework",
				"${BUILT_PRODUCTS_DIR}/Cordova/Cordova.framework",
				"${BUILT_PRODUCTS_DIR}/DZNEmptyDataSet/DZNEmptyDataSet.framework",
				"${BUILT_PRODUCTS_DIR}/RealReachability/RealReachability.framework",
				"${BUILT_PRODUCTS_DIR}/SQLite.swift/SQLite.framework",
				"${BUILT_PRODUCTS_DIR}/SSZipArchive/SSZipArchive.framework",
				"${BUILT_PRODUCTS_DIR}/SVProgressHUD/SVProgressHUD.framework",
				"${BUILT_PRODUCTS_DIR}/SnapKit/SnapKit.framework",
				"${BUILT_PRODUCTS_DIR}/SwiftyJSON/SwiftyJSON.framework",
				"${BUILT_PRODUCTS_DIR}/Toaster/Toaster.framework",
			);
			name = "[CP] Embed Pods Frameworks";
			outputPaths = (
				"${TARGET_BUILD_DIR}/${FRAMEWORKS_FOLDER_PATH}/Alamofire.framework",
				"${TARGET_BUILD_DIR}/${FRAMEWORKS_FOLDER_PATH}/Cordova.framework",
				"${TARGET_BUILD_DIR}/${FRAMEWORKS_FOLDER_PATH}/DZNEmptyDataSet.framework",
				"${TARGET_BUILD_DIR}/${FRAMEWORKS_FOLDER_PATH}/RealReachability.framework",
				"${TARGET_BUILD_DIR}/${FRAMEWORKS_FOLDER_PATH}/SQLite.framework",
				"${TARGET_BUILD_DIR}/${FRAMEWORKS_FOLDER_PATH}/SSZipArchive.framework",
				"${TARGET_BUILD_DIR}/${FRAMEWORKS_FOLDER_PATH}/SVProgressHUD.framework",
				"${TARGET_BUILD_DIR}/${FRAMEWORKS_FOLDER_PATH}/SnapKit.framework",
				"${TARGET_BUILD_DIR}/${FRAMEWORKS_FOLDER_PATH}/SwiftyJSON.framework",
				"${TARGET_BUILD_DIR}/${FRAMEWORKS_FOLDER_PATH}/Toaster.framework",
			);
			runOnlyForDeploymentPostprocessing = 0;
			shellPath = /bin/sh;
			shellScript = "\"${SRCROOT}/Pods/Target Support Files/Pods-SBSwiftComponents/Pods-SBSwiftComponents-frameworks.sh\"\n";
			showEnvVarsInLog = 0;
		};
/* End PBXShellScriptBuildPhase section */

/* Begin PBXSourcesBuildPhase section */
		082397AA10422CC2B51BE29F7AC8F600 /* Sources */ = {
			isa = PBXSourcesBuildPhase;
			buildActionMask = 2147483647;
			files = (
				B6F3DA0DE9BBB4D838777B05F140C938 /* SBSwiftComponentsTests.swift in Sources */,
			);
			runOnlyForDeploymentPostprocessing = 0;
		};
		5BD9A2B9057AA0649AE0CC5565354083 /* Sources */ = {
			isa = PBXSourcesBuildPhase;
			buildActionMask = 2147483647;
			files = (
				E2706C09DDDC61F245914A0BBA9BAB95 /* SBSwiftComponentsUITests.swift in Sources */,
			);
			runOnlyForDeploymentPostprocessing = 0;
		};
		601C756967BBF4E2157729CE9AF124ED /* Sources */ = {
			isa = PBXSourcesBuildPhase;
			buildActionMask = 2147483647;
			files = (
				7F3585131E4F6D187D32DBBCA39224B3 /* AppDelegate.swift in Sources */,
				2921F9D6AD30228B8005E20C163A77F1 /* BaseError.swift in Sources */,
				E315BA3A830F36152FCF450384568C0A /* BaseProfiles.swift in Sources */,
				8E7ACDAADF2B731AF8EFDFCDB340FFCC /* BaseScenes.swift in Sources */,
				AA5E3C66A1C750E26363BA29B27345E3 /* BundleExt.swift in Sources */,
				DBF3E147AD950DAA397411A774BDB9D7 /* CordovaProfile.swift in Sources */,
				0F8468E3B153CABAD7F752A6309CD221 /* DB.swift in Sources */,
				48203A096BDB513918D97E2F16BC9708 /* DBColumns.swift in Sources */,
				7AD7B5015C9A2868DB3E99D45D1DE8BD /* DBTables.swift in Sources */,
				052B839A3F4F00B3884B81536D59E35A /* EmptyDataSource.swift in Sources */,
				6A47706452F6883C981ECA59DC7C348B /* Kits.swift in Sources */,
				5FBF0A01BF9938879CE802C48BF01F62 /* KitsCordova.swift in Sources */,
				03965EFEF21358F1381B5FD998EA60CE /* Macros.swift in Sources */,
				E043CE4C23C77C0B57462D084035A3C4 /* PluginEnv.swift in Sources */,
				CAB5E6388B4D64C690571FEF7C2E019B /* SB404.swift in Sources */,
				3B975828B3561D2DB36AFF93F8E13A51 /* SBHTTPRouter.swift in Sources */,
				AB25BEB2398039DFDB6F711FCDA5E352 /* SBHTTPState.swift in Sources */,
				035BB0F20801D932A9FEA813D2D8797B /* SBManualExt.swift in Sources */,
				BCE5773C519ACC6655BEB642ED6966E1 /* SBSceneRouter.swift in Sources */,
				847C269C5E7657AD6E7AABC126827A4D /* StringExt.swift in Sources */,
				8AC2CF3C8509B113D9DAEEFE7D232979 /* UIButtonExt.swift in Sources */,
				7C1FEE7B5762E05D0515E7B9B4353262 /* UIColorExt.swift in Sources */,
				8AB7E96212E9A724DBD558815F4FB40D /* UIDeviceExt.swift in Sources */,
				83219C6E7FC4AB327AC565C3BF259331 /* UIImageExt.swift in Sources */,
				3D5130A791FD865CC9F206C6D863A716 /* UIImageViewExt.swift in Sources */,
				392F9FCA477F1992938F057AD4CCD3A9 /* UITextFieldExt.swift in Sources */,
				7EECA29023E1326F8C8629E0EDFEF8F8 /* UIViewExt.swift in Sources */,
				6C15C0F480DD15EADD42E5B15B2F95AB /* ViewController.swift in Sources */,
			);
			runOnlyForDeploymentPostprocessing = 0;
		};
/* End PBXSourcesBuildPhase section */

/* Begin PBXTargetDependency section */
		0746D59BA1D133EFA952C0EAF0F97AD9 /* PBXTargetDependency */ = {
			isa = PBXTargetDependency;
			target = 8A859BD464B46E283E5EE9ADD39B54F4 /* SBSwiftComponents */;
			targetProxy = 9F05AE82AB4279E72EC664BDFBAE0254 /* PBXContainerItemProxy */;
		};
		EBD7D591381C42070F450D3DFFD72602 /* PBXTargetDependency */ = {
			isa = PBXTargetDependency;
			target = 8A859BD464B46E283E5EE9ADD39B54F4 /* SBSwiftComponents */;
			targetProxy = 5C807EA081184697C5E7D96AE9CA1172 /* PBXContainerItemProxy */;
		};
/* End PBXTargetDependency section */

/* Begin PBXVariantGroup section */
		0D0F99772C3F9F270087FD5DD456B00D /* LaunchScreen.storyboard */ = {
			isa = PBXVariantGroup;
			children = (
				24597C58F05C376AB409F8F733E58CA1 /* Base */,
			);
			name = LaunchScreen.storyboard;
			sourceTree = "<group>";
		};
		F43B1AB68DCCACEACCA0CD1020203CDB /* Main.storyboard */ = {
			isa = PBXVariantGroup;
			children = (
				6DE878A1D06A8093F56452C1FA00752F /* Base */,
			);
			name = Main.storyboard;
			sourceTree = "<group>";
		};
/* End PBXVariantGroup section */

/* Begin XCBuildConfiguration section */
		2E7A9C0BA028A5C3F64182D779A21B25 /* Debug */ = {
			isa = XCBuildConfiguration;
			baseConfigurationReference = 8D6903C159C3BB7AD181B442AD0C008D /* Pods-SBSwiftComponents.debug.xcconfig */;
			buildSettings = {
				ALWAYS_EMBED_SWIFT_STANDARD_LIBRARIES = YES;
				ASSETCATALOG_COMPILER_APPICON_NAME = AppIcon;
				CODE_SIGN_STYLE = Automatic;
				DEVELOPMENT_TEAM = M8K6A7692X;
				INFOPLIST_FILE = SBSwiftComponents/Info.plist;
				IPHONEOS_DEPLOYMENT_TARGET = 9.0;
				LD_RUNPATH_SEARCH_PATHS = (
					"$(inherited)",
					"@executable_path/Frameworks",
				);
				PRODUCT_BUNDLE_IDENTIFIER = com.landun.SBSwiftComponents;
				PRODUCT_NAME = "$(TARGET_NAME)";
				SWIFT_VERSION = 4.0;
				TARGETED_DEVICE_FAMILY = "1,2";
			};
			name = Debug;
		};
		41F63B3925C8F55BFCCB7183F8EDB9BA /* Release */ = {
			isa = XCBuildConfiguration;
			buildSettings = {
				ALWAYS_EMBED_SWIFT_STANDARD_LIBRARIES = YES;
				CODE_SIGN_STYLE = Automatic;
				DEVELOPMENT_TEAM = M8K6A7692X;
				INFOPLIST_FILE = SBSwiftComponentsUITests/Info.plist;
				LD_RUNPATH_SEARCH_PATHS = (
					"$(inherited)",
					"@executable_path/Frameworks",
					"@loader_path/Frameworks",
				);
				PRODUCT_BUNDLE_IDENTIFIER = com.landun.SBSwiftComponentsUITests;
				PRODUCT_NAME = "$(TARGET_NAME)";
				SWIFT_VERSION = 4.0;
				TARGETED_DEVICE_FAMILY = "1,2";
				TEST_TARGET_NAME = SBSwiftComponents;
			};
			name = Release;
		};
		420CC2C43B0F2D22EC89C0A795EE46D8 /* Release */ = {
			isa = XCBuildConfiguration;
			buildSettings = {
				ALWAYS_SEARCH_USER_PATHS = NO;
				CLANG_ANALYZER_NONNULL = YES;
				CLANG_ANALYZER_NUMBER_OBJECT_CONVERSION = YES_AGGRESSIVE;
				CLANG_CXX_LANGUAGE_STANDARD = "gnu++14";
				CLANG_CXX_LIBRARY = "libc++";
				CLANG_ENABLE_MODULES = YES;
				CLANG_ENABLE_OBJC_ARC = YES;
				CLANG_ENABLE_OBJC_WEAK = YES;
				CLANG_WARN_BLOCK_CAPTURE_AUTORELEASING = YES;
				CLANG_WARN_BOOL_CONVERSION = YES;
				CLANG_WARN_COMMA = YES;
				CLANG_WARN_CONSTANT_CONVERSION = YES;
				CLANG_WARN_DEPRECATED_OBJC_IMPLEMENTATIONS = YES;
				CLANG_WARN_DIRECT_OBJC_ISA_USAGE = YES_ERROR;
				CLANG_WARN_DOCUMENTATION_COMMENTS = YES;
				CLANG_WARN_EMPTY_BODY = YES;
				CLANG_WARN_ENUM_CONVERSION = YES;
				CLANG_WARN_INFINITE_RECURSION = YES;
				CLANG_WARN_INT_CONVERSION = YES;
				CLANG_WARN_NON_LITERAL_NULL_CONVERSION = YES;
				CLANG_WARN_OBJC_IMPLICIT_RETAIN_SELF = YES;
				CLANG_WARN_OBJC_LITERAL_CONVERSION = YES;
				CLANG_WARN_OBJC_ROOT_CLASS = YES_ERROR;
				CLANG_WARN_RANGE_LOOP_ANALYSIS = YES;
				CLANG_WARN_STRICT_PROTOTYPES = YES;
				CLANG_WARN_SUSPICIOUS_MOVE = YES;
				CLANG_WARN_UNGUARDED_AVAILABILITY = YES_AGGRESSIVE;
				CLANG_WARN_UNREACHABLE_CODE = YES;
				CLANG_WARN__DUPLICATE_METHOD_MATCH = YES;
				CODE_SIGN_IDENTITY = "iPhone Developer";
				COPY_PHASE_STRIP = NO;
				DEBUG_INFORMATION_FORMAT = "dwarf-with-dsym";
				ENABLE_NS_ASSERTIONS = NO;
				ENABLE_STRICT_OBJC_MSGSEND = YES;
				GCC_C_LANGUAGE_STANDARD = gnu11;
				GCC_NO_COMMON_BLOCKS = YES;
				GCC_WARN_64_TO_32_BIT_CONVERSION = YES;
				GCC_WARN_ABOUT_RETURN_TYPE = YES_ERROR;
				GCC_WARN_UNDECLARED_SELECTOR = YES;
				GCC_WARN_UNINITIALIZED_AUTOS = YES_AGGRESSIVE;
				GCC_WARN_UNUSED_FUNCTION = YES;
				GCC_WARN_UNUSED_VARIABLE = YES;
				IPHONEOS_DEPLOYMENT_TARGET = 11.4;
				MTL_ENABLE_DEBUG_INFO = NO;
				SDKROOT = iphoneos;
				SWIFT_COMPILATION_MODE = wholemodule;
				SWIFT_OPTIMIZATION_LEVEL = "-O";
				VALIDATE_PRODUCT = YES;
			};
			name = Release;
		};
		4BD5F2C88DB98F31060E660B9558F295 /* Release */ = {
			isa = XCBuildConfiguration;
			buildSettings = {
				ALWAYS_EMBED_SWIFT_STANDARD_LIBRARIES = YES;
				BUNDLE_LOADER = "$(TEST_HOST)";
				CODE_SIGN_STYLE = Automatic;
				DEVELOPMENT_TEAM = M8K6A7692X;
				INFOPLIST_FILE = SBSwiftComponentsTests/Info.plist;
				LD_RUNPATH_SEARCH_PATHS = (
					"$(inherited)",
					"@executable_path/Frameworks",
					"@loader_path/Frameworks",
				);
				PRODUCT_BUNDLE_IDENTIFIER = com.landun.SBSwiftComponentsTests;
				PRODUCT_NAME = "$(TARGET_NAME)";
				SWIFT_VERSION = 4.0;
				TARGETED_DEVICE_FAMILY = "1,2";
				TEST_HOST = "$(BUILT_PRODUCTS_DIR)/SBSwiftComponents.app/SBSwiftComponents";
			};
			name = Release;
		};
		897A2BF1E80C9E44F939FD66C3830536 /* Debug */ = {
			isa = XCBuildConfiguration;
			buildSettings = {
				ALWAYS_EMBED_SWIFT_STANDARD_LIBRARIES = YES;
				BUNDLE_LOADER = "$(TEST_HOST)";
				CODE_SIGN_STYLE = Automatic;
				DEVELOPMENT_TEAM = M8K6A7692X;
				INFOPLIST_FILE = SBSwiftComponentsTests/Info.plist;
				LD_RUNPATH_SEARCH_PATHS = (
					"$(inherited)",
					"@executable_path/Frameworks",
					"@loader_path/Frameworks",
				);
				PRODUCT_BUNDLE_IDENTIFIER = com.landun.SBSwiftComponentsTests;
				PRODUCT_NAME = "$(TARGET_NAME)";
				SWIFT_VERSION = 4.0;
				TARGETED_DEVICE_FAMILY = "1,2";
				TEST_HOST = "$(BUILT_PRODUCTS_DIR)/SBSwiftComponents.app/SBSwiftComponents";
			};
			name = Debug;
		};
		8DFBB8BBA1CCDEE85C8449A8DB9E4DD6 /* Debug */ = {
			isa = XCBuildConfiguration;
			buildSettings = {
				ALWAYS_EMBED_SWIFT_STANDARD_LIBRARIES = YES;
				CODE_SIGN_STYLE = Automatic;
				DEVELOPMENT_TEAM = M8K6A7692X;
				INFOPLIST_FILE = SBSwiftComponentsUITests/Info.plist;
				LD_RUNPATH_SEARCH_PATHS = (
					"$(inherited)",
					"@executable_path/Frameworks",
					"@loader_path/Frameworks",
				);
				PRODUCT_BUNDLE_IDENTIFIER = com.landun.SBSwiftComponentsUITests;
				PRODUCT_NAME = "$(TARGET_NAME)";
				SWIFT_VERSION = 4.0;
				TARGETED_DEVICE_FAMILY = "1,2";
				TEST_TARGET_NAME = SBSwiftComponents;
			};
			name = Debug;
		};
		E7E88888FE22D855384915A0DF9E17B6 /* Release */ = {
			isa = XCBuildConfiguration;
			baseConfigurationReference = F9B7BD62ECF06A2929B30DF9B9F93C9E /* Pods-SBSwiftComponents.release.xcconfig */;
			buildSettings = {
				ALWAYS_EMBED_SWIFT_STANDARD_LIBRARIES = YES;
				ASSETCATALOG_COMPILER_APPICON_NAME = AppIcon;
				CODE_SIGN_STYLE = Automatic;
				DEVELOPMENT_TEAM = M8K6A7692X;
				INFOPLIST_FILE = SBSwiftComponents/Info.plist;
				IPHONEOS_DEPLOYMENT_TARGET = 9.0;
				LD_RUNPATH_SEARCH_PATHS = (
					"$(inherited)",
					"@executable_path/Frameworks",
				);
				PRODUCT_BUNDLE_IDENTIFIER = com.landun.SBSwiftComponents;
				PRODUCT_NAME = "$(TARGET_NAME)";
				SWIFT_VERSION = 4.0;
				TARGETED_DEVICE_FAMILY = "1,2";
			};
			name = Release;
		};
		E9C15F959F6E58FBAAFA9CDB5D16852B /* Debug */ = {
			isa = XCBuildConfiguration;
			buildSettings = {
				ALWAYS_SEARCH_USER_PATHS = NO;
				CLANG_ANALYZER_NONNULL = YES;
				CLANG_ANALYZER_NUMBER_OBJECT_CONVERSION = YES_AGGRESSIVE;
				CLANG_CXX_LANGUAGE_STANDARD = "gnu++14";
				CLANG_CXX_LIBRARY = "libc++";
				CLANG_ENABLE_MODULES = YES;
				CLANG_ENABLE_OBJC_ARC = YES;
				CLANG_ENABLE_OBJC_WEAK = YES;
				CLANG_WARN_BLOCK_CAPTURE_AUTORELEASING = YES;
				CLANG_WARN_BOOL_CONVERSION = YES;
				CLANG_WARN_COMMA = YES;
				CLANG_WARN_CONSTANT_CONVERSION = YES;
				CLANG_WARN_DEPRECATED_OBJC_IMPLEMENTATIONS = YES;
				CLANG_WARN_DIRECT_OBJC_ISA_USAGE = YES_ERROR;
				CLANG_WARN_DOCUMENTATION_COMMENTS = YES;
				CLANG_WARN_EMPTY_BODY = YES;
				CLANG_WARN_ENUM_CONVERSION = YES;
				CLANG_WARN_INFINITE_RECURSION = YES;
				CLANG_WARN_INT_CONVERSION = YES;
				CLANG_WARN_NON_LITERAL_NULL_CONVERSION = YES;
				CLANG_WARN_OBJC_IMPLICIT_RETAIN_SELF = YES;
				CLANG_WARN_OBJC_LITERAL_CONVERSION = YES;
				CLANG_WARN_OBJC_ROOT_CLASS = YES_ERROR;
				CLANG_WARN_RANGE_LOOP_ANALYSIS = YES;
				CLANG_WARN_STRICT_PROTOTYPES = YES;
				CLANG_WARN_SUSPICIOUS_MOVE = YES;
				CLANG_WARN_UNGUARDED_AVAILABILITY = YES_AGGRESSIVE;
				CLANG_WARN_UNREACHABLE_CODE = YES;
				CLANG_WARN__DUPLICATE_METHOD_MATCH = YES;
				CODE_SIGN_IDENTITY = "iPhone Developer";
				COPY_PHASE_STRIP = NO;
				DEBUG_INFORMATION_FORMAT = dwarf;
				ENABLE_STRICT_OBJC_MSGSEND = YES;
				ENABLE_TESTABILITY = YES;
				GCC_C_LANGUAGE_STANDARD = gnu11;
				GCC_DYNAMIC_NO_PIC = NO;
				GCC_NO_COMMON_BLOCKS = YES;
				GCC_OPTIMIZATION_LEVEL = 0;
				GCC_PREPROCESSOR_DEFINITIONS = (
					"DEBUG=1",
					"$(inherited)",
				);
				GCC_WARN_64_TO_32_BIT_CONVERSION = YES;
				GCC_WARN_ABOUT_RETURN_TYPE = YES_ERROR;
				GCC_WARN_UNDECLARED_SELECTOR = YES;
				GCC_WARN_UNINITIALIZED_AUTOS = YES_AGGRESSIVE;
				GCC_WARN_UNUSED_FUNCTION = YES;
				GCC_WARN_UNUSED_VARIABLE = YES;
				IPHONEOS_DEPLOYMENT_TARGET = 11.4;
				MTL_ENABLE_DEBUG_INFO = YES;
				ONLY_ACTIVE_ARCH = YES;
				SDKROOT = iphoneos;
				SWIFT_ACTIVE_COMPILATION_CONDITIONS = DEBUG;
				SWIFT_OPTIMIZATION_LEVEL = "-Onone";
			};
			name = Debug;
		};
/* End XCBuildConfiguration section */

/* Begin XCConfigurationList section */
		142D750292031B632CB9B99D0B3D3BA3 /* Build configuration list for PBXProject "SBSwiftComponents" */ = {
			isa = XCConfigurationList;
			buildConfigurations = (
				E9C15F959F6E58FBAAFA9CDB5D16852B /* Debug */,
				420CC2C43B0F2D22EC89C0A795EE46D8 /* Release */,
			);
			defaultConfigurationIsVisible = 0;
			defaultConfigurationName = Release;
		};
		6BDF3963C8C31E3543EE1F30FA0A4E85 /* Build configuration list for PBXNativeTarget "SBSwiftComponentsTests" */ = {
			isa = XCConfigurationList;
			buildConfigurations = (
				897A2BF1E80C9E44F939FD66C3830536 /* Debug */,
				4BD5F2C88DB98F31060E660B9558F295 /* Release */,
			);
			defaultConfigurationIsVisible = 0;
			defaultConfigurationName = Release;
		};
		9589407F09BA3762EEE11E1E25D79ED2 /* Build configuration list for PBXNativeTarget "SBSwiftComponents" */ = {
			isa = XCConfigurationList;
			buildConfigurations = (
				2E7A9C0BA028A5C3F64182D779A21B25 /* Debug */,
				E7E88888FE22D855384915A0DF9E17B6 /* Release */,
			);
			defaultConfigurationIsVisible = 0;
			defaultConfigurationName = Release;
		};
		B8A57869BA094A9B83D053E4B4353898 /* Build configuration list for PBXNativeTarget "SBSwiftComponentsUITests" */ = {
			isa = XCConfigurationList;
			buildConfigurations = (
				8DFBB8BBA1CCDEE85C8449A8DB9E4DD6 /* Debug */,
				41F63B3925C8F55BFCCB7183F8EDB9BA /* Release */,
			);
			defaultConfigurationIsVisible = 0;
			defaultConfigurationName = Release;
		};
/* End XCConfigurationList section */
	};
	rootObject = 2E51246DF69B9CCB0B32F1D6E8A1DCFD /* Project object */;
}
